
Microsoft Visual Studio Solution File, Format Version 12.00
# Visual Studio Version 16
VisualStudioVersion = 16.0.31019.35
MinimumVisualStudioVersion = 10.0.40219.1
Project("{FAE04EC0-301F-11D3-BF4B-00C04F79EFBC}") = "LB_1_IS", "LB_1_IS.csproj", "{2E0869DB-6082-45F1-86D1-179F56923C4F}"
EndProject
Global
	GlobalSection(SolutionConfigurationPlatforms) = preSolution
		Debug|Any CPU = Debug|Any CPU
		Release|Any CPU = Release|Any CPU
	EndGlobalSection
	GlobalSection(ProjectConfigurationPlatforms) = postSolution
		{2E0869DB-6082-45F1-86D1-179F56923C4F}.Debug|Any CPU.ActiveCfg = Debug|Any CPU
		{2E0869DB-6082-45F1-86D1-179F56923C4F}.Debug|Any CPU.Build.0 = Debug|Any CPU
		{2E0869DB-6082-45F1-86D1-179F56923C4F}.Release|Any CPU.ActiveCfg = Release|Any CPU
		{2E0869DB-6082-45F1-86D1-179F56923C4F}.Release|Any CPU.Build.0 = Release|Any CPU
	EndGlobalSection
	GlobalSection(SolutionProperties) = preSolution
		HideSolutionNode = FALSE
	EndGlobalSection
	GlobalSection(ExtensibilityGlobals) = postSolution
		SolutionGuid = {68CAD0B5-869C-410E-8933-C2DADF80E3D9}
	EndGlobalSection
EndGlobal
